
Microsoft Visual Studio Solution File, Format Version 12.00
# Visual Studio 15
VisualStudioVersion = 15.0.27130.2024
MinimumVisualStudioVersion = 10.0.40219.1
Project("{8BC9CEB8-8B4A-11D0-8D11-00A0C91BC942}") = "TextAdv", "TextAdv\TextAdv.vcxproj", "{D4707758-2858-4E2A-8000-70232FC4DE55}"
EndProject
Global
	GlobalSection(SolutionConfigurationPlatforms) = preSolution
		Debug|x64 = Debug|x64
		Debug|x86 = Debug|x86
		Release|x64 = Release|x64
		Release|x86 = Release|x86
	EndGlobalSection
	GlobalSection(ProjectConfigurationPlatforms) = postSolution
		{D4707758-2858-4E2A-8000-70232FC4DE55}.Debug|x64.ActiveCfg = Debug|x64
		{D4707758-2858-4E2A-8000-70232FC4DE55}.Debug|x64.Build.0 = Debug|x64
		{D4707758-2858-4E2A-8000-70232FC4DE55}.Debug|x86.ActiveCfg = Debug|Win32
		{D4707758-2858-4E2A-8000-70232FC4DE55}.Debug|x86.Build.0 = Debug|Win32
		{D4707758-2858-4E2A-8000-70232FC4DE55}.Release|x64.ActiveCfg = Release|x64
		{D4707758-2858-4E2A-8000-70232FC4DE55}.Release|x64.Build.0 = Release|x64
		{D4707758-2858-4E2A-8000-70232FC4DE55}.Release|x86.ActiveCfg = Release|Win32
		{D4707758-2858-4E2A-8000-70232FC4DE55}.Release|x86.Build.0 = Release|Win32
	EndGlobalSection
	GlobalSection(SolutionProperties) = preSolution
		HideSolutionNode = FALSE
	EndGlobalSection
	GlobalSection(ExtensibilityGlobals) = postSolution
		SolutionGuid = {0C6C4C8A-ABE9-4862-9787-986030EED197}
	EndGlobalSection
EndGlobal
